
Microsoft Visual Studio Solution File, Format Version 12.00
# Visual Studio 15
Project("{FAE04EC0-301F-11D3-BF4B-00C04F79EFBC}") = "Im Bored", "Assembly-CSharp.csproj", "{B40984A4-59FD-1298-AC66-4B283980728C}"
EndProject
Project("{FAE04EC0-301F-11D3-BF4B-00C04F79EFBC}") = "Im Bored", "Assembly-CSharp-firstpass.csproj", "{3CAF0C76-4A45-6310-35D5-F3965E1F17A5}"
EndProject
Project("{FAE04EC0-301F-11D3-BF4B-00C04F79EFBC}") = "Im Bored", "Assembly-CSharp-Editor-firstpass.csproj", "{B20A3B6D-C030-DE41-0FB0-1894C3118906}"
EndProject
Global
	GlobalSection(SolutionConfigurationPlatforms) = preSolution
		Debug|Any CPU = Debug|Any CPU
		Release|Any CPU = Release|Any CPU
	EndGlobalSection
	GlobalSection(ProjectConfigurationPlatforms) = postSolution
		{B40984A4-59FD-1298-AC66-4B283980728C}.Debug|Any CPU.ActiveCfg = Debug|Any CPU
		{B40984A4-59FD-1298-AC66-4B283980728C}.Debug|Any CPU.Build.0 = Debug|Any CPU
		{B40984A4-59FD-1298-AC66-4B283980728C}.Release|Any CPU.ActiveCfg = Release|Any CPU
		{B40984A4-59FD-1298-AC66-4B283980728C}.Release|Any CPU.Build.0 = Release|Any CPU
		{3CAF0C76-4A45-6310-35D5-F3965E1F17A5}.Debug|Any CPU.ActiveCfg = Debug|Any CPU
		{3CAF0C76-4A45-6310-35D5-F3965E1F17A5}.Debug|Any CPU.Build.0 = Debug|Any CPU
		{3CAF0C76-4A45-6310-35D5-F3965E1F17A5}.Release|Any CPU.ActiveCfg = Release|Any CPU
		{3CAF0C76-4A45-6310-35D5-F3965E1F17A5}.Release|Any CPU.Build.0 = Release|Any CPU
		{B20A3B6D-C030-DE41-0FB0-1894C3118906}.Debug|Any CPU.ActiveCfg = Debug|Any CPU
		{B20A3B6D-C030-DE41-0FB0-1894C3118906}.Debug|Any CPU.Build.0 = Debug|Any CPU
		{B20A3B6D-C030-DE41-0FB0-1894C3118906}.Release|Any CPU.ActiveCfg = Release|Any CPU
		{B20A3B6D-C030-DE41-0FB0-1894C3118906}.Release|Any CPU.Build.0 = Release|Any CPU
	EndGlobalSection
	GlobalSection(SolutionProperties) = preSolution
		HideSolutionNode = FALSE
	EndGlobalSection
EndGlobal
